lockfileVersion: 5.3

specifiers:
  '@nawt/block': workspace:0.1.2
  '@nawt/bundler': workspace:0.1.2
  '@nawt/colors': workspace:0.1.2
  '@nawt/flex': workspace:0.1.2
  '@nawt/grid': workspace:0.1.2
  '@nawt/media': workspace:0.1.2
  '@nawt/styled': workspace:0.1.2
  '@nawt/text': workspace:0.1.2
  '@nawt/units': workspace:0.1.2

devDependencies:
  '@nawt/block': link:../block
  '@nawt/bundler': link:../bundler
  '@nawt/colors': link:../colors
  '@nawt/flex': link:../flex
  '@nawt/grid': link:../grid
  '@nawt/media': link:../media
  '@nawt/styled': link:../styled
  '@nawt/text': link:../text
  '@nawt/units': link:../units
